
Microsoft Visual Studio Solution File, Format Version 12.00
# Visual Studio 14
VisualStudioVersion = 14.0.25420.1
MinimumVisualStudioVersion = 10.0.40219.1
Project("{FAE04EC0-301F-11D3-BF4B-00C04F79EFBC}") = "AegisDMS", "AegisDMS\AegisDMS.csproj", "{5F42D2AF-D657-4179-A1D4-C124B9081D76}"
EndProject
Project("{FAE04EC0-301F-11D3-BF4B-00C04F79EFBC}") = "BusinessLayer", "BusinessLayer\BusinessLayer.csproj", "{2D7872E9-4863-4062-977B-27D5006E7F67}"
EndProject
Project("{FAE04EC0-301F-11D3-BF4B-00C04F79EFBC}") = "Entity", "Entity\Entity.csproj", "{7F3F6CD9-D22D-41C4-8FA5-08B1B145E276}"
EndProject
Project("{FAE04EC0-301F-11D3-BF4B-00C04F79EFBC}") = "DataLayer", "DataLayer\DataLayer.csproj", "{70C7CBBB-CC6F-4305-8A1E-2E2DE85146BF}"
EndProject
Global
	GlobalSection(SolutionConfigurationPlatforms) = preSolution
		Debug|Any CPU = Debug|Any CPU
		Release|Any CPU = Release|Any CPU
	EndGlobalSection
	GlobalSection(ProjectConfigurationPlatforms) = postSolution
		{5F42D2AF-D657-4179-A1D4-C124B9081D76}.Debug|Any CPU.ActiveCfg = Debug|Any CPU
		{5F42D2AF-D657-4179-A1D4-C124B9081D76}.Debug|Any CPU.Build.0 = Debug|Any CPU
		{5F42D2AF-D657-4179-A1D4-C124B9081D76}.Release|Any CPU.ActiveCfg = Release|Any CPU
		{5F42D2AF-D657-4179-A1D4-C124B9081D76}.Release|Any CPU.Build.0 = Release|Any CPU
		{2D7872E9-4863-4062-977B-27D5006E7F67}.Debug|Any CPU.ActiveCfg = Debug|Any CPU
		{2D7872E9-4863-4062-977B-27D5006E7F67}.Debug|Any CPU.Build.0 = Debug|Any CPU
		{2D7872E9-4863-4062-977B-27D5006E7F67}.Release|Any CPU.ActiveCfg = Release|Any CPU
		{2D7872E9-4863-4062-977B-27D5006E7F67}.Release|Any CPU.Build.0 = Release|Any CPU
		{7F3F6CD9-D22D-41C4-8FA5-08B1B145E276}.Debug|Any CPU.ActiveCfg = Debug|Any CPU
		{7F3F6CD9-D22D-41C4-8FA5-08B1B145E276}.Debug|Any CPU.Build.0 = Debug|Any CPU
		{7F3F6CD9-D22D-41C4-8FA5-08B1B145E276}.Release|Any CPU.ActiveCfg = Release|Any CPU
		{7F3F6CD9-D22D-41C4-8FA5-08B1B145E276}.Release|Any CPU.Build.0 = Release|Any CPU
		{70C7CBBB-CC6F-4305-8A1E-2E2DE85146BF}.Debug|Any CPU.ActiveCfg = Debug|Any CPU
		{70C7CBBB-CC6F-4305-8A1E-2E2DE85146BF}.Debug|Any CPU.Build.0 = Debug|Any CPU
		{70C7CBBB-CC6F-4305-8A1E-2E2DE85146BF}.Release|Any CPU.ActiveCfg = Release|Any CPU
		{70C7CBBB-CC6F-4305-8A1E-2E2DE85146BF}.Release|Any CPU.Build.0 = Release|Any CPU
	EndGlobalSection
	GlobalSection(SolutionProperties) = preSolution
		HideSolutionNode = FALSE
	EndGlobalSection
EndGlobal
